
Microsoft Visual Studio Solution File, Format Version 12.00
# Visual Studio Version 17
VisualStudioVersion = 17.1.32328.378
MinimumVisualStudioVersion = 10.0.40219.1
Project("{FAE04EC0-301F-11D3-BF4B-00C04F79EFBC}") = "MyWebApi", "MyWebApi\MyWebApi.csproj", "{32CAD50B-9734-49C8-960D-229D3F78ACBE}"
EndProject
Global
	GlobalSection(SolutionConfigurationPlatforms) = preSolution
		Debug|Any CPU = Debug|Any CPU
		Release|Any CPU = Release|Any CPU
	EndGlobalSection
	GlobalSection(ProjectConfigurationPlatforms) = postSolution
		{32CAD50B-9734-49C8-960D-229D3F78ACBE}.Debug|Any CPU.ActiveCfg = Debug|Any CPU
		{32CAD50B-9734-49C8-960D-229D3F78ACBE}.Debug|Any CPU.Build.0 = Debug|Any CPU
		{32CAD50B-9734-49C8-960D-229D3F78ACBE}.Release|Any CPU.ActiveCfg = Release|Any CPU
		{32CAD50B-9734-49C8-960D-229D3F78ACBE}.Release|Any CPU.Build.0 = Release|Any CPU
	EndGlobalSection
	GlobalSection(SolutionProperties) = preSolution
		HideSolutionNode = FALSE
	EndGlobalSection
	GlobalSection(ExtensibilityGlobals) = postSolution
		SolutionGuid = {86ACC426-C04C-49C7-8492-FBDBB17FD49D}
	EndGlobalSection
EndGlobal
